
Microsoft Visual Studio Solution File, Format Version 12.00
# Visual Studio 15
Project("{FAE04EC0-301F-11D3-BF4B-00C04F79EFBC}") = "day3_If", "day3_If.csproj", "{1C43ECE2-5B87-4E78-A670-8A5E84724527}"
EndProject
Global
	GlobalSection(SolutionConfigurationPlatforms) = preSolution
		Debug|Any CPU = Debug|Any CPU
		Release|Any CPU = Release|Any CPU
	EndGlobalSection
	GlobalSection(ProjectConfigurationPlatforms) = postSolution
		{1C43ECE2-5B87-4E78-A670-8A5E84724527}.Debug|Any CPU.ActiveCfg = Debug|Any CPU
		{1C43ECE2-5B87-4E78-A670-8A5E84724527}.Debug|Any CPU.Build.0 = Debug|Any CPU
		{1C43ECE2-5B87-4E78-A670-8A5E84724527}.Release|Any CPU.ActiveCfg = Release|Any CPU
		{1C43ECE2-5B87-4E78-A670-8A5E84724527}.Release|Any CPU.Build.0 = Release|Any CPU
	EndGlobalSection
EndGlobal
